
Microsoft Visual Studio Solution File, Format Version 12.00
# Visual Studio 2012
Project("{8BC9CEB8-8B4A-11D0-8D11-00A0C91BC942}") = "Direct2DSample", "Direct2DSample\Direct2DSample.vcxproj", "{9F56EAB7-FE44-496B-9D78-92F093A422FC}"
EndProject
Project("{8BC9CEB8-8B4A-11D0-8D11-00A0C91BC942}") = "GZIG", "GZIG\GZIG.vcxproj", "{8B4FEBF1-24FA-44D0-9CB0-EBC3F4F2DA04}"
EndProject
Global
	GlobalSection(SolutionConfigurationPlatforms) = preSolution
		Debug|Win32 = Debug|Win32
		Release|Win32 = Release|Win32
	EndGlobalSection
	GlobalSection(ProjectConfigurationPlatforms) = postSolution
		{9F56EAB7-FE44-496B-9D78-92F093A422FC}.Debug|Win32.ActiveCfg = Debug|Win32
		{9F56EAB7-FE44-496B-9D78-92F093A422FC}.Debug|Win32.Build.0 = Debug|Win32
		{9F56EAB7-FE44-496B-9D78-92F093A422FC}.Release|Win32.ActiveCfg = Release|Win32
		{9F56EAB7-FE44-496B-9D78-92F093A422FC}.Release|Win32.Build.0 = Release|Win32
		{8B4FEBF1-24FA-44D0-9CB0-EBC3F4F2DA04}.Debug|Win32.ActiveCfg = Debug|Win32
		{8B4FEBF1-24FA-44D0-9CB0-EBC3F4F2DA04}.Debug|Win32.Build.0 = Debug|Win32
		{8B4FEBF1-24FA-44D0-9CB0-EBC3F4F2DA04}.Release|Win32.ActiveCfg = Release|Win32
		{8B4FEBF1-24FA-44D0-9CB0-EBC3F4F2DA04}.Release|Win32.Build.0 = Release|Win32
	EndGlobalSection
	GlobalSection(SolutionProperties) = preSolution
		HideSolutionNode = FALSE
	EndGlobalSection
EndGlobal
